
Microsoft Visual Studio Solution File, Format Version 12.00
# Visual Studio 2012
Project("{FAE04EC0-301F-11D3-BF4B-00C04F79EFBC}") = "FastListView.iOS", "FastListView.iOS\FastListView.iOS.csproj", "{448610BF-6FA6-4FD5-A45C-04742A2E6EFD}"
EndProject
Project("{FAE04EC0-301F-11D3-BF4B-00C04F79EFBC}") = "FastListView.Android", "FastListView.Android\FastListView.Android.csproj", "{9FC4F897-5ECC-4A23-AFAF-2EDF19CA8358}"
EndProject
Project("{5DD5E4FA-CB73-4610-85AB-557B54E96AA9}") = "FastListView.NuGet", "FastListView.NuGet\FastListView.NuGet.nuproj", "{848F00F1-A214-43FB-AD21-C3C041531F4A}"
EndProject
Project("{FAE04EC0-301F-11D3-BF4B-00C04F79EFBC}") = "FastListView.Forms", "FastListView.Forms\FastListView.Forms.csproj", "{D27D14EA-1453-49B4-AC94-1EC22199C3CD}"
EndProject
Global
	GlobalSection(SolutionConfigurationPlatforms) = preSolution
		Debug|Any CPU = Debug|Any CPU
		Release|Any CPU = Release|Any CPU
	EndGlobalSection
	GlobalSection(ProjectConfigurationPlatforms) = postSolution
		{448610BF-6FA6-4FD5-A45C-04742A2E6EFD}.Debug|Any CPU.ActiveCfg = Debug|Any CPU
		{448610BF-6FA6-4FD5-A45C-04742A2E6EFD}.Debug|Any CPU.Build.0 = Debug|Any CPU
		{448610BF-6FA6-4FD5-A45C-04742A2E6EFD}.Release|Any CPU.ActiveCfg = Release|Any CPU
		{448610BF-6FA6-4FD5-A45C-04742A2E6EFD}.Release|Any CPU.Build.0 = Release|Any CPU
		{9FC4F897-5ECC-4A23-AFAF-2EDF19CA8358}.Debug|Any CPU.ActiveCfg = Debug|Any CPU
		{9FC4F897-5ECC-4A23-AFAF-2EDF19CA8358}.Debug|Any CPU.Build.0 = Debug|Any CPU
		{9FC4F897-5ECC-4A23-AFAF-2EDF19CA8358}.Release|Any CPU.ActiveCfg = Release|Any CPU
		{9FC4F897-5ECC-4A23-AFAF-2EDF19CA8358}.Release|Any CPU.Build.0 = Release|Any CPU
		{848F00F1-A214-43FB-AD21-C3C041531F4A}.Debug|Any CPU.ActiveCfg = Debug|Any CPU
		{848F00F1-A214-43FB-AD21-C3C041531F4A}.Debug|Any CPU.Build.0 = Debug|Any CPU
		{848F00F1-A214-43FB-AD21-C3C041531F4A}.Release|Any CPU.ActiveCfg = Release|Any CPU
		{848F00F1-A214-43FB-AD21-C3C041531F4A}.Release|Any CPU.Build.0 = Release|Any CPU
		{D27D14EA-1453-49B4-AC94-1EC22199C3CD}.Debug|Any CPU.ActiveCfg = Debug|Any CPU
		{D27D14EA-1453-49B4-AC94-1EC22199C3CD}.Debug|Any CPU.Build.0 = Debug|Any CPU
		{D27D14EA-1453-49B4-AC94-1EC22199C3CD}.Release|Any CPU.ActiveCfg = Release|Any CPU
		{D27D14EA-1453-49B4-AC94-1EC22199C3CD}.Release|Any CPU.Build.0 = Release|Any CPU
	EndGlobalSection
	GlobalSection(MonoDevelopProperties) = preSolution
		version = 1.0
	EndGlobalSection
EndGlobal
