
Microsoft Visual Studio Solution File, Format Version 12.00
# Visual Studio 2012
Project("{FAE04EC0-301F-11D3-BF4B-00C04F79EFBC}") = "FastListView.iOS", "FastListView.iOS.csproj", "{448610BF-6FA6-4FD5-A45C-04742A2E6EFD}"
EndProject
Global
	GlobalSection(SolutionConfigurationPlatforms) = preSolution
		Debug|Any CPU = Debug|Any CPU
		Release|Any CPU = Release|Any CPU
	EndGlobalSection
	GlobalSection(ProjectConfigurationPlatforms) = postSolution
		{448610BF-6FA6-4FD5-A45C-04742A2E6EFD}.Debug|Any CPU.ActiveCfg = Debug|Any CPU
		{448610BF-6FA6-4FD5-A45C-04742A2E6EFD}.Debug|Any CPU.Build.0 = Debug|Any CPU
		{448610BF-6FA6-4FD5-A45C-04742A2E6EFD}.Release|Any CPU.ActiveCfg = Release|Any CPU
		{448610BF-6FA6-4FD5-A45C-04742A2E6EFD}.Release|Any CPU.Build.0 = Release|Any CPU
	EndGlobalSection
EndGlobal
